# This file is automatically @generated by Cargo.
# It is not intended for manual editing.
version = 4

[[package]]
name = "irondict-cli"
version = "0.1.0"
dependencies = [
 "irondict-core",
]

[[package]]
name = "irondict-core"
version = "0.1.0"

[[package]]
name = "irondict-gui"
version = "0.1.0"
dependencies = [
 "irondict-core",
]
